
Microsoft Visual Studio Solution File, Format Version 12.00
# Visual Studio Version 17
VisualStudioVersion = 17.0.31903.59
MinimumVisualStudioVersion = 10.0.40219.1
Project("{2150E333-8FDC-42A3-9474-1A3956D46DE8}") = "src", "src", "{827E0CD3-B72D-47B6-A68D-7590B98EB39B}"
EndProject
Project("{FAE04EC0-301F-11D3-BF4B-00C04F79EFBC}") = "Wms.Api", "src\Wms.Api\Wms.Api.csproj", "{A42A0A93-8D2D-40E2-AA92-64ADCF4CD7F0}"
EndProject
Project("{2150E333-8FDC-42A3-9474-1A3956D46DE8}") = "Modules", "Modules", "{EC447DCF-ABFA-6E24-52A5-D7FD48A5C558}"
EndProject
Project("{2150E333-8FDC-42A3-9474-1A3956D46DE8}") = "MasterData", "MasterData", "{6FDB54B8-73D0-7269-6E77-B8ECD406ADFA}"
EndProject
Project("{FAE04EC0-301F-11D3-BF4B-00C04F79EFBC}") = "Wms.Modules.MasterData", "src\Modules\MasterData\Wms.Modules.MasterData.csproj", "{E12FC054-7D63-409E-9483-407D96FF1C5D}"
EndProject
Project("{2150E333-8FDC-42A3-9474-1A3956D46DE8}") = "Facility", "Facility", "{9A8F3106-D494-A2C8-85FA-2DA4A44F4B50}"
EndProject
Project("{FAE04EC0-301F-11D3-BF4B-00C04F79EFBC}") = "Wms.Modules.Facility", "src\Modules\Facility\Wms.Modules.Facility.csproj", "{643637FC-5AAC-425E-B0C5-2086B95277B4}"
EndProject
Project("{2150E333-8FDC-42A3-9474-1A3956D46DE8}") = "Inventory", "Inventory", "{18C073E0-6CB1-4693-3636-BFEE619A6192}"
EndProject
Project("{FAE04EC0-301F-11D3-BF4B-00C04F79EFBC}") = "Wms.Modules.Inventory", "src\Modules\Inventory\Wms.Modules.Inventory.csproj", "{C1F8693B-30F5-473E-B8DB-39E4D9AFC413}"
EndProject
Project("{2150E333-8FDC-42A3-9474-1A3956D46DE8}") = "Inbound", "Inbound", "{02D216FA-6726-7BFF-78B2-9748449FB8B0}"
EndProject
Project("{FAE04EC0-301F-11D3-BF4B-00C04F79EFBC}") = "Wms.Modules.Inbound", "src\Modules\Inbound\Wms.Modules.Inbound.csproj", "{5D3C09E1-7DFC-4795-A846-D31381CF6DF6}"
EndProject
Project("{2150E333-8FDC-42A3-9474-1A3956D46DE8}") = "Outbound", "Outbound", "{A7AEB7AB-BB7A-943E-14BF-27E7782511F4}"
EndProject
Project("{FAE04EC0-301F-11D3-BF4B-00C04F79EFBC}") = "Wms.Modules.Outbound", "src\Modules\Outbound\Wms.Modules.Outbound.csproj", "{355D2A70-739F-4FED-A015-43D061A89101}"
EndProject
Project("{2150E333-8FDC-42A3-9474-1A3956D46DE8}") = "Transfers", "Transfers", "{34581BF6-0FAF-3729-C725-A58C13832400}"
EndProject
Project("{FAE04EC0-301F-11D3-BF4B-00C04F79EFBC}") = "Wms.Modules.Transfers", "src\Modules\Transfers\Wms.Modules.Transfers.csproj", "{F264BC05-E9FE-4CDF-9FB1-7742D15D390B}"
EndProject
Project("{2150E333-8FDC-42A3-9474-1A3956D46DE8}") = "Fulfillment", "Fulfillment", "{8E45888E-57A7-8E09-61DE-4450A7217B97}"
EndProject
Project("{FAE04EC0-301F-11D3-BF4B-00C04F79EFBC}") = "Wms.Modules.Fulfillment", "src\Modules\Fulfillment\Wms.Modules.Fulfillment.csproj", "{9BDC008F-1DBD-4817-A666-B7C9FF9F6B09}"
EndProject
Project("{2150E333-8FDC-42A3-9474-1A3956D46DE8}") = "Administration", "Administration", "{CBFC7D09-D20A-3BD9-57E9-57A87E6AFCC2}"
EndProject
Project("{FAE04EC0-301F-11D3-BF4B-00C04F79EFBC}") = "Wms.Modules.Administration", "src\Modules\Administration\Wms.Modules.Administration.csproj", "{7FF26B0E-2C3A-4422-AE11-E27F81203888}"
EndProject
Project("{2150E333-8FDC-42A3-9474-1A3956D46DE8}") = "tests", "tests", "{0AB3BF05-4346-4AA6-1389-037BE0695223}"
EndProject
Project("{FAE04EC0-301F-11D3-BF4B-00C04F79EFBC}") = "Wms.ArchitectureTests", "tests\Wms.ArchitectureTests\Wms.ArchitectureTests.csproj", "{0840633A-AD2D-45B3-B798-7B2FDB2B157E}"
EndProject
Project("{FAE04EC0-301F-11D3-BF4B-00C04F79EFBC}") = "Wms.PersistenceTests", "tests\Wms.PersistenceTests\Wms.PersistenceTests.csproj", "{C686B3A3-2731-4E78-8046-478C4CC88A41}"
EndProject
Project("{FAE04EC0-301F-11D3-BF4B-00C04F79EFBC}") = "Wms.MasterDataTests", "tests\Wms.MasterDataTests\Wms.MasterDataTests.csproj", "{853E1FA1-3FF5-42AF-8704-B55CA6DD1675}"
EndProject
Project("{FAE04EC0-301F-11D3-BF4B-00C04F79EFBC}") = "Wms.FacilityTests", "tests\Wms.FacilityTests\Wms.FacilityTests.csproj", "{BAD7568E-4616-40BC-9CEE-39C30D5C8FE9}"
EndProject
Project("{FAE04EC0-301F-11D3-BF4B-00C04F79EFBC}") = "Wms.InventoryTests", "tests\Wms.InventoryTests\Wms.InventoryTests.csproj", "{60137E0B-74D5-490B-8E6D-8163935BF56D}"
EndProject
Global
	GlobalSection(SolutionConfigurationPlatforms) = preSolution
		Debug|Any CPU = Debug|Any CPU
		Debug|x64 = Debug|x64
		Debug|x86 = Debug|x86
		Release|Any CPU = Release|Any CPU
		Release|x64 = Release|x64
		Release|x86 = Release|x86
	EndGlobalSection
	GlobalSection(ProjectConfigurationPlatforms) = postSolution
		{A42A0A93-8D2D-40E2-AA92-64ADCF4CD7F0}.Debug|Any CPU.ActiveCfg = Debug|Any CPU
		{A42A0A93-8D2D-40E2-AA92-64ADCF4CD7F0}.Debug|Any CPU.Build.0 = Debug|Any CPU
		{A42A0A93-8D2D-40E2-AA92-64ADCF4CD7F0}.Debug|x64.ActiveCfg = Debug|Any CPU
		{A42A0A93-8D2D-40E2-AA92-64ADCF4CD7F0}.Debug|x64.Build.0 = Debug|Any CPU
		{A42A0A93-8D2D-40E2-AA92-64ADCF4CD7F0}.Debug|x86.ActiveCfg = Debug|Any CPU
		{A42A0A93-8D2D-40E2-AA92-64ADCF4CD7F0}.Debug|x86.Build.0 = Debug|Any CPU
		{A42A0A93-8D2D-40E2-AA92-64ADCF4CD7F0}.Release|Any CPU.ActiveCfg = Release|Any CPU
		{A42A0A93-8D2D-40E2-AA92-64ADCF4CD7F0}.Release|Any CPU.Build.0 = Release|Any CPU
		{A42A0A93-8D2D-40E2-AA92-64ADCF4CD7F0}.Release|x64.ActiveCfg = Release|Any CPU
		{A42A0A93-8D2D-40E2-AA92-64ADCF4CD7F0}.Release|x64.Build.0 = Release|Any CPU
		{A42A0A93-8D2D-40E2-AA92-64ADCF4CD7F0}.Release|x86.ActiveCfg = Release|Any CPU
		{A42A0A93-8D2D-40E2-AA92-64ADCF4CD7F0}.Release|x86.Build.0 = Release|Any CPU
		{E12FC054-7D63-409E-9483-407D96FF1C5D}.Debug|Any CPU.ActiveCfg = Debug|Any CPU
		{E12FC054-7D63-409E-9483-407D96FF1C5D}.Debug|Any CPU.Build.0 = Debug|Any CPU
		{E12FC054-7D63-409E-9483-407D96FF1C5D}.Debug|x64.ActiveCfg = Debug|Any CPU
		{E12FC054-7D63-409E-9483-407D96FF1C5D}.Debug|x64.Build.0 = Debug|Any CPU
		{E12FC054-7D63-409E-9483-407D96FF1C5D}.Debug|x86.ActiveCfg = Debug|Any CPU
		{E12FC054-7D63-409E-9483-407D96FF1C5D}.Debug|x86.Build.0 = Debug|Any CPU
		{E12FC054-7D63-409E-9483-407D96FF1C5D}.Release|Any CPU.ActiveCfg = Release|Any CPU
		{E12FC054-7D63-409E-9483-407D96FF1C5D}.Release|Any CPU.Build.0 = Release|Any CPU
		{E12FC054-7D63-409E-9483-407D96FF1C5D}.Release|x64.ActiveCfg = Release|Any CPU
		{E12FC054-7D63-409E-9483-407D96FF1C5D}.Release|x64.Build.0 = Release|Any CPU
		{E12FC054-7D63-409E-9483-407D96FF1C5D}.Release|x86.ActiveCfg = Release|Any CPU
		{E12FC054-7D63-409E-9483-407D96FF1C5D}.Release|x86.Build.0 = Release|Any CPU
		{643637FC-5AAC-425E-B0C5-2086B95277B4}.Debug|Any CPU.ActiveCfg = Debug|Any CPU
		{643637FC-5AAC-425E-B0C5-2086B95277B4}.Debug|Any CPU.Build.0 = Debug|Any CPU
		{643637FC-5AAC-425E-B0C5-2086B95277B4}.Debug|x64.ActiveCfg = Debug|Any CPU
		{643637FC-5AAC-425E-B0C5-2086B95277B4}.Debug|x64.Build.0 = Debug|Any CPU
		{643637FC-5AAC-425E-B0C5-2086B95277B4}.Debug|x86.ActiveCfg = Debug|Any CPU
		{643637FC-5AAC-425E-B0C5-2086B95277B4}.Debug|x86.Build.0 = Debug|Any CPU
		{643637FC-5AAC-425E-B0C5-2086B95277B4}.Release|Any CPU.ActiveCfg = Release|Any CPU
		{643637FC-5AAC-425E-B0C5-2086B95277B4}.Release|Any CPU.Build.0 = Release|Any CPU
		{643637FC-5AAC-425E-B0C5-2086B95277B4}.Release|x64.ActiveCfg = Release|Any CPU
		{643637FC-5AAC-425E-B0C5-2086B95277B4}.Release|x64.Build.0 = Release|Any CPU
		{643637FC-5AAC-425E-B0C5-2086B95277B4}.Release|x86.ActiveCfg = Release|Any CPU
		{643637FC-5AAC-425E-B0C5-2086B95277B4}.Release|x86.Build.0 = Release|Any CPU
		{C1F8693B-30F5-473E-B8DB-39E4D9AFC413}.Debug|Any CPU.ActiveCfg = Debug|Any CPU
		{C1F8693B-30F5-473E-B8DB-39E4D9AFC413}.Debug|Any CPU.Build.0 = Debug|Any CPU
		{C1F8693B-30F5-473E-B8DB-39E4D9AFC413}.Debug|x64.ActiveCfg = Debug|Any CPU
		{C1F8693B-30F5-473E-B8DB-39E4D9AFC413}.Debug|x64.Build.0 = Debug|Any CPU
		{C1F8693B-30F5-473E-B8DB-39E4D9AFC413}.Debug|x86.ActiveCfg = Debug|Any CPU
		{C1F8693B-30F5-473E-B8DB-39E4D9AFC413}.Debug|x86.Build.0 = Debug|Any CPU
		{C1F8693B-30F5-473E-B8DB-39E4D9AFC413}.Release|Any CPU.ActiveCfg = Release|Any CPU
		{C1F8693B-30F5-473E-B8DB-39E4D9AFC413}.Release|Any CPU.Build.0 = Release|Any CPU
		{C1F8693B-30F5-473E-B8DB-39E4D9AFC413}.Release|x64.ActiveCfg = Release|Any CPU
		{C1F8693B-30F5-473E-B8DB-39E4D9AFC413}.Release|x64.Build.0 = Release|Any CPU
		{C1F8693B-30F5-473E-B8DB-39E4D9AFC413}.Release|x86.ActiveCfg = Release|Any CPU
		{C1F8693B-30F5-473E-B8DB-39E4D9AFC413}.Release|x86.Build.0 = Release|Any CPU
		{5D3C09E1-7DFC-4795-A846-D31381CF6DF6}.Debug|Any CPU.ActiveCfg = Debug|Any CPU
		{5D3C09E1-7DFC-4795-A846-D31381CF6DF6}.Debug|Any CPU.Build.0 = Debug|Any CPU
		{5D3C09E1-7DFC-4795-A846-D31381CF6DF6}.Debug|x64.ActiveCfg = Debug|Any CPU
		{5D3C09E1-7DFC-4795-A846-D31381CF6DF6}.Debug|x64.Build.0 = Debug|Any CPU
		{5D3C09E1-7DFC-4795-A846-D31381CF6DF6}.Debug|x86.ActiveCfg = Debug|Any CPU
		{5D3C09E1-7DFC-4795-A846-D31381CF6DF6}.Debug|x86.Build.0 = Debug|Any CPU
		{5D3C09E1-7DFC-4795-A846-D31381CF6DF6}.Release|Any CPU.ActiveCfg = Release|Any CPU
		{5D3C09E1-7DFC-4795-A846-D31381CF6DF6}.Release|Any CPU.Build.0 = Release|Any CPU
		{5D3C09E1-7DFC-4795-A846-D31381CF6DF6}.Release|x64.ActiveCfg = Release|Any CPU
		{5D3C09E1-7DFC-4795-A846-D31381CF6DF6}.Release|x64.Build.0 = Release|Any CPU
		{5D3C09E1-7DFC-4795-A846-D31381CF6DF6}.Release|x86.ActiveCfg = Release|Any CPU
		{5D3C09E1-7DFC-4795-A846-D31381CF6DF6}.Release|x86.Build.0 = Release|Any CPU
		{355D2A70-739F-4FED-A015-43D061A89101}.Debug|Any CPU.ActiveCfg = Debug|Any CPU
		{355D2A70-739F-4FED-A015-43D061A89101}.Debug|Any CPU.Build.0 = Debug|Any CPU
		{355D2A70-739F-4FED-A015-43D061A89101}.Debug|x64.ActiveCfg = Debug|Any CPU
		{355D2A70-739F-4FED-A015-43D061A89101}.Debug|x64.Build.0 = Debug|Any CPU
		{355D2A70-739F-4FED-A015-43D061A89101}.Debug|x86.ActiveCfg = Debug|Any CPU
		{355D2A70-739F-4FED-A015-43D061A89101}.Debug|x86.Build.0 = Debug|Any CPU
		{355D2A70-739F-4FED-A015-43D061A89101}.Release|Any CPU.ActiveCfg = Release|Any CPU
		{355D2A70-739F-4FED-A015-43D061A89101}.Release|Any CPU.Build.0 = Release|Any CPU
		{355D2A70-739F-4FED-A015-43D061A89101}.Release|x64.ActiveCfg = Release|Any CPU
		{355D2A70-739F-4FED-A015-43D061A89101}.Release|x64.Build.0 = Release|Any CPU
		{355D2A70-739F-4FED-A015-43D061A89101}.Release|x86.ActiveCfg = Release|Any CPU
		{355D2A70-739F-4FED-A015-43D061A89101}.Release|x86.Build.0 = Release|Any CPU
		{F264BC05-E9FE-4CDF-9FB1-7742D15D390B}.Debug|Any CPU.ActiveCfg = Debug|Any CPU
		{F264BC05-E9FE-4CDF-9FB1-7742D15D390B}.Debug|Any CPU.Build.0 = Debug|Any CPU
		{F264BC05-E9FE-4CDF-9FB1-7742D15D390B}.Debug|x64.ActiveCfg = Debug|Any CPU
		{F264BC05-E9FE-4CDF-9FB1-7742D15D390B}.Debug|x64.Build.0 = Debug|Any CPU
		{F264BC05-E9FE-4CDF-9FB1-7742D15D390B}.Debug|x86.ActiveCfg = Debug|Any CPU
		{F264BC05-E9FE-4CDF-9FB1-7742D15D390B}.Debug|x86.Build.0 = Debug|Any CPU
		{F264BC05-E9FE-4CDF-9FB1-7742D15D390B}.Release|Any CPU.ActiveCfg = Release|Any CPU
		{F264BC05-E9FE-4CDF-9FB1-7742D15D390B}.Release|Any CPU.Build.0 = Release|Any CPU
		{F264BC05-E9FE-4CDF-9FB1-7742D15D390B}.Release|x64.ActiveCfg = Release|Any CPU
		{F264BC05-E9FE-4CDF-9FB1-7742D15D390B}.Release|x64.Build.0 = Release|Any CPU
		{F264BC05-E9FE-4CDF-9FB1-7742D15D390B}.Release|x86.ActiveCfg = Release|Any CPU
		{F264BC05-E9FE-4CDF-9FB1-7742D15D390B}.Release|x86.Build.0 = Release|Any CPU
		{9BDC008F-1DBD-4817-A666-B7C9FF9F6B09}.Debug|Any CPU.ActiveCfg = Debug|Any CPU
		{9BDC008F-1DBD-4817-A666-B7C9FF9F6B09}.Debug|Any CPU.Build.0 = Debug|Any CPU
		{9BDC008F-1DBD-4817-A666-B7C9FF9F6B09}.Debug|x64.ActiveCfg = Debug|Any CPU
		{9BDC008F-1DBD-4817-A666-B7C9FF9F6B09}.Debug|x64.Build.0 = Debug|Any CPU
		{9BDC008F-1DBD-4817-A666-B7C9FF9F6B09}.Debug|x86.ActiveCfg = Debug|Any CPU
		{9BDC008F-1DBD-4817-A666-B7C9FF9F6B09}.Debug|x86.Build.0 = Debug|Any CPU
		{9BDC008F-1DBD-4817-A666-B7C9FF9F6B09}.Release|Any CPU.ActiveCfg = Release|Any CPU
		{9BDC008F-1DBD-4817-A666-B7C9FF9F6B09}.Release|Any CPU.Build.0 = Release|Any CPU
		{9BDC008F-1DBD-4817-A666-B7C9FF9F6B09}.Release|x64.ActiveCfg = Release|Any CPU
		{9BDC008F-1DBD-4817-A666-B7C9FF9F6B09}.Release|x64.Build.0 = Release|Any CPU
		{9BDC008F-1DBD-4817-A666-B7C9FF9F6B09}.Release|x86.ActiveCfg = Release|Any CPU
		{9BDC008F-1DBD-4817-A666-B7C9FF9F6B09}.Release|x86.Build.0 = Release|Any CPU
		{7FF26B0E-2C3A-4422-AE11-E27F81203888}.Debug|Any CPU.ActiveCfg = Debug|Any CPU
		{7FF26B0E-2C3A-4422-AE11-E27F81203888}.Debug|Any CPU.Build.0 = Debug|Any CPU
		{7FF26B0E-2C3A-4422-AE11-E27F81203888}.Debug|x64.ActiveCfg = Debug|Any CPU
		{7FF26B0E-2C3A-4422-AE11-E27F81203888}.Debug|x64.Build.0 = Debug|Any CPU
		{7FF26B0E-2C3A-4422-AE11-E27F81203888}.Debug|x86.ActiveCfg = Debug|Any CPU
		{7FF26B0E-2C3A-4422-AE11-E27F81203888}.Debug|x86.Build.0 = Debug|Any CPU
		{7FF26B0E-2C3A-4422-AE11-E27F81203888}.Release|Any CPU.ActiveCfg = Release|Any CPU
		{7FF26B0E-2C3A-4422-AE11-E27F81203888}.Release|Any CPU.Build.0 = Release|Any CPU
		{7FF26B0E-2C3A-4422-AE11-E27F81203888}.Release|x64.ActiveCfg = Release|Any CPU
		{7FF26B0E-2C3A-4422-AE11-E27F81203888}.Release|x64.Build.0 = Release|Any CPU
		{7FF26B0E-2C3A-4422-AE11-E27F81203888}.Release|x86.ActiveCfg = Release|Any CPU
		{7FF26B0E-2C3A-4422-AE11-E27F81203888}.Release|x86.Build.0 = Release|Any CPU
		{0840633A-AD2D-45B3-B798-7B2FDB2B157E}.Debug|Any CPU.ActiveCfg = Debug|Any CPU
		{0840633A-AD2D-45B3-B798-7B2FDB2B157E}.Debug|Any CPU.Build.0 = Debug|Any CPU
		{0840633A-AD2D-45B3-B798-7B2FDB2B157E}.Debug|x64.ActiveCfg = Debug|Any CPU
		{0840633A-AD2D-45B3-B798-7B2FDB2B157E}.Debug|x64.Build.0 = Debug|Any CPU
		{0840633A-AD2D-45B3-B798-7B2FDB2B157E}.Debug|x86.ActiveCfg = Debug|Any CPU
		{0840633A-AD2D-45B3-B798-7B2FDB2B157E}.Debug|x86.Build.0 = Debug|Any CPU
		{0840633A-AD2D-45B3-B798-7B2FDB2B157E}.Release|Any CPU.ActiveCfg = Release|Any CPU
		{0840633A-AD2D-45B3-B798-7B2FDB2B157E}.Release|Any CPU.Build.0 = Release|Any CPU
		{0840633A-AD2D-45B3-B798-7B2FDB2B157E}.Release|x64.ActiveCfg = Release|Any CPU
		{0840633A-AD2D-45B3-B798-7B2FDB2B157E}.Release|x64.Build.0 = Release|Any CPU
		{0840633A-AD2D-45B3-B798-7B2FDB2B157E}.Release|x86.ActiveCfg = Release|Any CPU
		{0840633A-AD2D-45B3-B798-7B2FDB2B157E}.Release|x86.Build.0 = Release|Any CPU
		{C686B3A3-2731-4E78-8046-478C4CC88A41}.Debug|Any CPU.ActiveCfg = Debug|Any CPU
		{C686B3A3-2731-4E78-8046-478C4CC88A41}.Debug|Any CPU.Build.0 = Debug|Any CPU
		{C686B3A3-2731-4E78-8046-478C4CC88A41}.Debug|x64.ActiveCfg = Debug|Any CPU
		{C686B3A3-2731-4E78-8046-478C4CC88A41}.Debug|x64.Build.0 = Debug|Any CPU
		{C686B3A3-2731-4E78-8046-478C4CC88A41}.Debug|x86.ActiveCfg = Debug|Any CPU
		{C686B3A3-2731-4E78-8046-478C4CC88A41}.Debug|x86.Build.0 = Debug|Any CPU
		{C686B3A3-2731-4E78-8046-478C4CC88A41}.Release|Any CPU.ActiveCfg = Release|Any CPU
		{C686B3A3-2731-4E78-8046-478C4CC88A41}.Release|Any CPU.Build.0 = Release|Any CPU
		{C686B3A3-2731-4E78-8046-478C4CC88A41}.Release|x64.ActiveCfg = Release|Any CPU
		{C686B3A3-2731-4E78-8046-478C4CC88A41}.Release|x64.Build.0 = Release|Any CPU
		{C686B3A3-2731-4E78-8046-478C4CC88A41}.Release|x86.ActiveCfg = Release|Any CPU
		{C686B3A3-2731-4E78-8046-478C4CC88A41}.Release|x86.Build.0 = Release|Any CPU
		{853E1FA1-3FF5-42AF-8704-B55CA6DD1675}.Debug|Any CPU.ActiveCfg = Debug|Any CPU
		{853E1FA1-3FF5-42AF-8704-B55CA6DD1675}.Debug|Any CPU.Build.0 = Debug|Any CPU
		{853E1FA1-3FF5-42AF-8704-B55CA6DD1675}.Debug|x64.ActiveCfg = Debug|Any CPU
		{853E1FA1-3FF5-42AF-8704-B55CA6DD1675}.Debug|x64.Build.0 = Debug|Any CPU
		{853E1FA1-3FF5-42AF-8704-B55CA6DD1675}.Debug|x86.ActiveCfg = Debug|Any CPU
		{853E1FA1-3FF5-42AF-8704-B55CA6DD1675}.Debug|x86.Build.0 = Debug|Any CPU
		{853E1FA1-3FF5-42AF-8704-B55CA6DD1675}.Release|Any CPU.ActiveCfg = Release|Any CPU
		{853E1FA1-3FF5-42AF-8704-B55CA6DD1675}.Release|Any CPU.Build.0 = Release|Any CPU
		{853E1FA1-3FF5-42AF-8704-B55CA6DD1675}.Release|x64.ActiveCfg = Release|Any CPU
		{853E1FA1-3FF5-42AF-8704-B55CA6DD1675}.Release|x64.Build.0 = Release|Any CPU
		{853E1FA1-3FF5-42AF-8704-B55CA6DD1675}.Release|x86.ActiveCfg = Release|Any CPU
		{853E1FA1-3FF5-42AF-8704-B55CA6DD1675}.Release|x86.Build.0 = Release|Any CPU
		{BAD7568E-4616-40BC-9CEE-39C30D5C8FE9}.Debug|Any CPU.ActiveCfg = Debug|Any CPU
		{BAD7568E-4616-40BC-9CEE-39C30D5C8FE9}.Debug|Any CPU.Build.0 = Debug|Any CPU
		{BAD7568E-4616-40BC-9CEE-39C30D5C8FE9}.Debug|x64.ActiveCfg = Debug|Any CPU
		{BAD7568E-4616-40BC-9CEE-39C30D5C8FE9}.Debug|x64.Build.0 = Debug|Any CPU
		{BAD7568E-4616-40BC-9CEE-39C30D5C8FE9}.Debug|x86.ActiveCfg = Debug|Any CPU
		{BAD7568E-4616-40BC-9CEE-39C30D5C8FE9}.Debug|x86.Build.0 = Debug|Any CPU
		{BAD7568E-4616-40BC-9CEE-39C30D5C8FE9}.Release|Any CPU.ActiveCfg = Release|Any CPU
		{BAD7568E-4616-40BC-9CEE-39C30D5C8FE9}.Release|Any CPU.Build.0 = Release|Any CPU
		{BAD7568E-4616-40BC-9CEE-39C30D5C8FE9}.Release|x64.ActiveCfg = Release|Any CPU
		{BAD7568E-4616-40BC-9CEE-39C30D5C8FE9}.Release|x64.Build.0 = Release|Any CPU
		{BAD7568E-4616-40BC-9CEE-39C30D5C8FE9}.Release|x86.ActiveCfg = Release|Any CPU
		{BAD7568E-4616-40BC-9CEE-39C30D5C8FE9}.Release|x86.Build.0 = Release|Any CPU
		{60137E0B-74D5-490B-8E6D-8163935BF56D}.Debug|Any CPU.ActiveCfg = Debug|Any CPU
		{60137E0B-74D5-490B-8E6D-8163935BF56D}.Debug|Any CPU.Build.0 = Debug|Any CPU
		{60137E0B-74D5-490B-8E6D-8163935BF56D}.Debug|x64.ActiveCfg = Debug|Any CPU
		{60137E0B-74D5-490B-8E6D-8163935BF56D}.Debug|x64.Build.0 = Debug|Any CPU
		{60137E0B-74D5-490B-8E6D-8163935BF56D}.Debug|x86.ActiveCfg = Debug|Any CPU
		{60137E0B-74D5-490B-8E6D-8163935BF56D}.Debug|x86.Build.0 = Debug|Any CPU
		{60137E0B-74D5-490B-8E6D-8163935BF56D}.Release|Any CPU.ActiveCfg = Release|Any CPU
		{60137E0B-74D5-490B-8E6D-8163935BF56D}.Release|Any CPU.Build.0 = Release|Any CPU
		{60137E0B-74D5-490B-8E6D-8163935BF56D}.Release|x64.ActiveCfg = Release|Any CPU
		{60137E0B-74D5-490B-8E6D-8163935BF56D}.Release|x64.Build.0 = Release|Any CPU
		{60137E0B-74D5-490B-8E6D-8163935BF56D}.Release|x86.ActiveCfg = Release|Any CPU
		{60137E0B-74D5-490B-8E6D-8163935BF56D}.Release|x86.Build.0 = Release|Any CPU
	EndGlobalSection
	GlobalSection(SolutionProperties) = preSolution
		HideSolutionNode = FALSE
	EndGlobalSection
	GlobalSection(NestedProjects) = preSolution
		{A42A0A93-8D2D-40E2-AA92-64ADCF4CD7F0} = {827E0CD3-B72D-47B6-A68D-7590B98EB39B}
		{EC447DCF-ABFA-6E24-52A5-D7FD48A5C558} = {827E0CD3-B72D-47B6-A68D-7590B98EB39B}
		{6FDB54B8-73D0-7269-6E77-B8ECD406ADFA} = {EC447DCF-ABFA-6E24-52A5-D7FD48A5C558}
		{E12FC054-7D63-409E-9483-407D96FF1C5D} = {6FDB54B8-73D0-7269-6E77-B8ECD406ADFA}
		{9A8F3106-D494-A2C8-85FA-2DA4A44F4B50} = {EC447DCF-ABFA-6E24-52A5-D7FD48A5C558}
		{643637FC-5AAC-425E-B0C5-2086B95277B4} = {9A8F3106-D494-A2C8-85FA-2DA4A44F4B50}
		{18C073E0-6CB1-4693-3636-BFEE619A6192} = {EC447DCF-ABFA-6E24-52A5-D7FD48A5C558}
		{C1F8693B-30F5-473E-B8DB-39E4D9AFC413} = {18C073E0-6CB1-4693-3636-BFEE619A6192}
		{02D216FA-6726-7BFF-78B2-9748449FB8B0} = {EC447DCF-ABFA-6E24-52A5-D7FD48A5C558}
		{5D3C09E1-7DFC-4795-A846-D31381CF6DF6} = {02D216FA-6726-7BFF-78B2-9748449FB8B0}
		{A7AEB7AB-BB7A-943E-14BF-27E7782511F4} = {EC447DCF-ABFA-6E24-52A5-D7FD48A5C558}
		{355D2A70-739F-4FED-A015-43D061A89101} = {A7AEB7AB-BB7A-943E-14BF-27E7782511F4}
		{34581BF6-0FAF-3729-C725-A58C13832400} = {EC447DCF-ABFA-6E24-52A5-D7FD48A5C558}
		{F264BC05-E9FE-4CDF-9FB1-7742D15D390B} = {34581BF6-0FAF-3729-C725-A58C13832400}
		{8E45888E-57A7-8E09-61DE-4450A7217B97} = {EC447DCF-ABFA-6E24-52A5-D7FD48A5C558}
		{9BDC008F-1DBD-4817-A666-B7C9FF9F6B09} = {8E45888E-57A7-8E09-61DE-4450A7217B97}
		{CBFC7D09-D20A-3BD9-57E9-57A87E6AFCC2} = {EC447DCF-ABFA-6E24-52A5-D7FD48A5C558}
		{7FF26B0E-2C3A-4422-AE11-E27F81203888} = {CBFC7D09-D20A-3BD9-57E9-57A87E6AFCC2}
		{0840633A-AD2D-45B3-B798-7B2FDB2B157E} = {0AB3BF05-4346-4AA6-1389-037BE0695223}
		{C686B3A3-2731-4E78-8046-478C4CC88A41} = {0AB3BF05-4346-4AA6-1389-037BE0695223}
		{853E1FA1-3FF5-42AF-8704-B55CA6DD1675} = {0AB3BF05-4346-4AA6-1389-037BE0695223}
		{BAD7568E-4616-40BC-9CEE-39C30D5C8FE9} = {0AB3BF05-4346-4AA6-1389-037BE0695223}
		{60137E0B-74D5-490B-8E6D-8163935BF56D} = {0AB3BF05-4346-4AA6-1389-037BE0695223}
	EndGlobalSection
EndGlobal
